
Microsoft Visual Studio Solution File, Format Version 12.00
# Visual Studio Version 16
VisualStudioVersion = 16.0.29920.165
MinimumVisualStudioVersion = 10.0.40219.1
Project("{888888A0-9F3D-457C-B088-3A5042F75D52}") = "Modul4_Kelompok58", "Modul4_Kelompok58\Modul4_Kelompok58.pyproj", "{7118BE1C-73BF-4B08-8A99-DECD62CB5DC7}"
EndProject
Global
	GlobalSection(SolutionConfigurationPlatforms) = preSolution
		Debug|Any CPU = Debug|Any CPU
		Release|Any CPU = Release|Any CPU
	EndGlobalSection
	GlobalSection(ProjectConfigurationPlatforms) = postSolution
		{7118BE1C-73BF-4B08-8A99-DECD62CB5DC7}.Debug|Any CPU.ActiveCfg = Debug|Any CPU
		{7118BE1C-73BF-4B08-8A99-DECD62CB5DC7}.Release|Any CPU.ActiveCfg = Release|Any CPU
	EndGlobalSection
	GlobalSection(SolutionProperties) = preSolution
		HideSolutionNode = FALSE
	EndGlobalSection
	GlobalSection(ExtensibilityGlobals) = postSolution
		SolutionGuid = {B50F871C-5EDE-410D-A329-BBB48AC57E53}
	EndGlobalSection
EndGlobal
