
Microsoft Visual Studio Solution File, Format Version 12.00
# Visual Studio Version 16
VisualStudioVersion = 16.0.29920.165
MinimumVisualStudioVersion = 10.0.40219.1
Project("{FAE04EC0-301F-11D3-BF4B-00C04F79EFBC}") = "Modul4_Kel58", "Modul4_Kel58\Modul4_Kel58.csproj", "{3F55568E-0FF1-444E-B493-34EDF3A25722}"
EndProject
Global
	GlobalSection(SolutionConfigurationPlatforms) = preSolution
		Debug|Any CPU = Debug|Any CPU
		Release|Any CPU = Release|Any CPU
	EndGlobalSection
	GlobalSection(ProjectConfigurationPlatforms) = postSolution
		{3F55568E-0FF1-444E-B493-34EDF3A25722}.Debug|Any CPU.ActiveCfg = Debug|Any CPU
		{3F55568E-0FF1-444E-B493-34EDF3A25722}.Debug|Any CPU.Build.0 = Debug|Any CPU
		{3F55568E-0FF1-444E-B493-34EDF3A25722}.Release|Any CPU.ActiveCfg = Release|Any CPU
		{3F55568E-0FF1-444E-B493-34EDF3A25722}.Release|Any CPU.Build.0 = Release|Any CPU
	EndGlobalSection
	GlobalSection(SolutionProperties) = preSolution
		HideSolutionNode = FALSE
	EndGlobalSection
	GlobalSection(ExtensibilityGlobals) = postSolution
		SolutionGuid = {8476C389-DA41-429D-B5D4-89714C40B4E9}
	EndGlobalSection
EndGlobal
